// !$*UTF8*$!
{
	archiveVersion = 1;
	classes = {
	};
	objectVersion = 50;
	objects = {

/* Begin PBXBuildFile section */
		582EBC2B53198FDE31EB2057 /* Pods_PioneerApp.framework in Frameworks */ = {isa = PBXBuildFile; fileRef = E91D018E4B836CF9B8EA5120 /* Pods_PioneerApp.framework */; };
		917275B4229988EA00E51D26 /* DataManager.swift in Sources */ = {isa = PBXBuildFile; fileRef = 917275B3229988EA00E51D26 /* DataManager.swift */; };
		917275B62299892100E51D26 /* APIConstants.swift in Sources */ = {isa = PBXBuildFile; fileRef = 917275B52299892000E51D26 /* APIConstants.swift */; };
		917275D2229A852F00E51D26 /* Constants.swift in Sources */ = {isa = PBXBuildFile; fileRef = 917275B8229A852F00E51D26 /* Constants.swift */; };
		917275D3229A852F00E51D26 /* ShowAlertView.swift in Sources */ = {isa = PBXBuildFile; fileRef = 917275B9229A852F00E51D26 /* ShowAlertView.swift */; };
		917275D4229A852F00E51D26 /* UserDefaultDetails.swift in Sources */ = {isa = PBXBuildFile; fileRef = 917275BA229A852F00E51D26 /* UserDefaultDetails.swift */; };
		917275D5229A852F00E51D26 /* Extentions.swift in Sources */ = {isa = PBXBuildFile; fileRef = 917275BB229A852F00E51D26 /* Extentions.swift */; };
		917275D6229A852F00E51D26 /* NewCustomTextField.swift in Sources */ = {isa = PBXBuildFile; fileRef = 917275BC229A852F00E51D26 /* NewCustomTextField.swift */; };
		917275D7229A852F00E51D26 /* CustomUI.swift in Sources */ = {isa = PBXBuildFile; fileRef = 917275BD229A852F00E51D26 /* CustomUI.swift */; };
		917275D8229A852F00E51D26 /* UIColor.swift in Sources */ = {isa = PBXBuildFile; fileRef = 917275BE229A852F00E51D26 /* UIColor.swift */; };
		917275D9229A852F00E51D26 /* ImagePlaceholderLoader.swift in Sources */ = {isa = PBXBuildFile; fileRef = 917275BF229A852F00E51D26 /* ImagePlaceholderLoader.swift */; };
		917275DE229A852F00E51D26 /* GradientLayerView.swift in Sources */ = {isa = PBXBuildFile; fileRef = 917275C6229A852F00E51D26 /* GradientLayerView.swift */; };
		917275DF229A852F00E51D26 /* ProceedButton.swift in Sources */ = {isa = PBXBuildFile; fileRef = 917275C7229A852F00E51D26 /* ProceedButton.swift */; };
		917275E0229A852F00E51D26 /* ValidateFields.swift in Sources */ = {isa = PBXBuildFile; fileRef = 917275C8229A852F00E51D26 /* ValidateFields.swift */; };
		917275E1229A852F00E51D26 /* File.swift in Sources */ = {isa = PBXBuildFile; fileRef = 917275C9229A852F00E51D26 /* File.swift */; };
		917275E2229A852F00E51D26 /* AppNavigation.swift in Sources */ = {isa = PBXBuildFile; fileRef = 917275CA229A852F00E51D26 /* AppNavigation.swift */; };
		917275E3229A852F00E51D26 /* TokenManager.swift in Sources */ = {isa = PBXBuildFile; fileRef = 917275CB229A852F00E51D26 /* TokenManager.swift */; };
		917275E4229A852F00E51D26 /* AppSubmitButton.swift in Sources */ = {isa = PBXBuildFile; fileRef = 917275CC229A852F00E51D26 /* AppSubmitButton.swift */; };
		917275E5229A852F00E51D26 /* SSBadgeButton.swift in Sources */ = {isa = PBXBuildFile; fileRef = 917275CD229A852F00E51D26 /* SSBadgeButton.swift */; };
		917275E6229A852F00E51D26 /* GradientView.swift in Sources */ = {isa = PBXBuildFile; fileRef = 917275CE229A852F00E51D26 /* GradientView.swift */; };
		917275E7229A852F00E51D26 /* SegmentioBuilder.swift in Sources */ = {isa = PBXBuildFile; fileRef = 917275CF229A852F00E51D26 /* SegmentioBuilder.swift */; };
		917275E8229A852F00E51D26 /* CustomLoaderView.swift in Sources */ = {isa = PBXBuildFile; fileRef = 917275D0229A852F00E51D26 /* CustomLoaderView.swift */; };
		917275E9229A852F00E51D26 /* AppearanceConfigurator.swift in Sources */ = {isa = PBXBuildFile; fileRef = 917275D1229A852F00E51D26 /* AppearanceConfigurator.swift */; };
		917275EB229AB4BC00E51D26 /* ProfileViewController.swift in Sources */ = {isa = PBXBuildFile; fileRef = 917275EA229AB4BC00E51D26 /* ProfileViewController.swift */; };
		917275ED229AE87100E51D26 /* ArticlesViewController.swift in Sources */ = {isa = PBXBuildFile; fileRef = 917275EC229AE87100E51D26 /* ArticlesViewController.swift */; };
		917275F0229AED4100E51D26 /* FeedCell.swift in Sources */ = {isa = PBXBuildFile; fileRef = 917275EF229AED4100E51D26 /* FeedCell.swift */; };
		917275F2229AF04B00E51D26 /* CategoryModel.swift in Sources */ = {isa = PBXBuildFile; fileRef = 917275F1229AF04B00E51D26 /* CategoryModel.swift */; };
		918B3A962292F3B800F3C014 /* FeedViewController.swift in Sources */ = {isa = PBXBuildFile; fileRef = 918B3A952292F3B800F3C014 /* FeedViewController.swift */; };
		91F5025F228D215100B7287A /* AppDelegate.swift in Sources */ = {isa = PBXBuildFile; fileRef = 91F5025E228D215100B7287A /* AppDelegate.swift */; };
		91F50261228D215100B7287A /* LoginViewController.swift in Sources */ = {isa = PBXBuildFile; fileRef = 91F50260228D215100B7287A /* LoginViewController.swift */; };
		91F50264228D215100B7287A /* Main.storyboard in Resources */ = {isa = PBXBuildFile; fileRef = 91F50262228D215100B7287A /* Main.storyboard */; };
		91F50266228D215400B7287A /* Assets.xcassets in Resources */ = {isa = PBXBuildFile; fileRef = 91F50265228D215400B7287A /* Assets.xcassets */; };
		91F50269228D215400B7287A /* LaunchScreen.storyboard in Resources */ = {isa = PBXBuildFile; fileRef = 91F50267228D215400B7287A /* LaunchScreen.storyboard */; };
/* End PBXBuildFile section */

/* Begin PBXFileReference section */
		8F9424E8A7543023849592A5 /* Pods-PioneerApp.release.xcconfig */ = {isa = PBXFileReference; includeInIndex = 1; lastKnownFileType = text.xcconfig; name = "Pods-PioneerApp.release.xcconfig"; path = "Pods/Target Support Files/Pods-PioneerApp/Pods-PioneerApp.release.xcconfig"; sourceTree = "<group>"; };
		917275B3229988EA00E51D26 /* DataManager.swift */ = {isa = PBXFileReference; fileEncoding = 4; lastKnownFileType = sourcecode.swift; path = DataManager.swift; sourceTree = "<group>"; };
		917275B52299892000E51D26 /* APIConstants.swift */ = {isa = PBXFileReference; fileEncoding = 4; lastKnownFileType = sourcecode.swift; path = APIConstants.swift; sourceTree = "<group>"; };
		917275B8229A852F00E51D26 /* Constants.swift */ = {isa = PBXFileReference; fileEncoding = 4; lastKnownFileType = sourcecode.swift; path = Constants.swift; sourceTree = "<group>"; };
		917275B9229A852F00E51D26 /* ShowAlertView.swift */ = {isa = PBXFileReference; fileEncoding = 4; lastKnownFileType = sourcecode.swift; path = ShowAlertView.swift; sourceTree = "<group>"; };
		917275BA229A852F00E51D26 /* UserDefaultDetails.swift */ = {isa = PBXFileReference; fileEncoding = 4; lastKnownFileType = sourcecode.swift; path = UserDefaultDetails.swift; sourceTree = "<group>"; };
		917275BB229A852F00E51D26 /* Extentions.swift */ = {isa = PBXFileReference; fileEncoding = 4; lastKnownFileType = sourcecode.swift; path = Extentions.swift; sourceTree = "<group>"; };
		917275BC229A852F00E51D26 /* NewCustomTextField.swift */ = {isa = PBXFileReference; fileEncoding = 4; lastKnownFileType = sourcecode.swift; path = NewCustomTextField.swift; sourceTree = "<group>"; };
		917275BD229A852F00E51D26 /* CustomUI.swift */ = {isa = PBXFileReference; fileEncoding = 4; lastKnownFileType = sourcecode.swift; path = CustomUI.swift; sourceTree = "<group>"; };
		917275BE229A852F00E51D26 /* UIColor.swift */ = {isa = PBXFileReference; fileEncoding = 4; lastKnownFileType = sourcecode.swift; path = UIColor.swift; sourceTree = "<group>"; };
		917275BF229A852F00E51D26 /* ImagePlaceholderLoader.swift */ = {isa = PBXFileReference; fileEncoding = 4; lastKnownFileType = sourcecode.swift; path = ImagePlaceholderLoader.swift; sourceTree = "<group>"; };
		917275C6229A852F00E51D26 /* GradientLayerView.swift */ = {isa = PBXFileReference; fileEncoding = 4; lastKnownFileType = sourcecode.swift; path = GradientLayerView.swift; sourceTree = "<group>"; };
		917275C7229A852F00E51D26 /* ProceedButton.swift */ = {isa = PBXFileReference; fileEncoding = 4; lastKnownFileType = sourcecode.swift; path = ProceedButton.swift; sourceTree = "<group>"; };
		917275C8229A852F00E51D26 /* ValidateFields.swift */ = {isa = PBXFileReference; fileEncoding = 4; lastKnownFileType = sourcecode.swift; path = ValidateFields.swift; sourceTree = "<group>"; };
		917275C9229A852F00E51D26 /* File.swift */ = {isa = PBXFileReference; fileEncoding = 4; lastKnownFileType = sourcecode.swift; path = File.swift; sourceTree = "<group>"; };
		917275CA229A852F00E51D26 /* AppNavigation.swift */ = {isa = PBXFileReference; fileEncoding = 4; lastKnownFileType = sourcecode.swift; path = AppNavigation.swift; sourceTree = "<group>"; };
		917275CB229A852F00E51D26 /* TokenManager.swift */ = {isa = PBXFileReference; fileEncoding = 4; lastKnownFileType = sourcecode.swift; path = TokenManager.swift; sourceTree = "<group>"; };
		917275CC229A852F00E51D26 /* AppSubmitButton.swift */ = {isa = PBXFileReference; fileEncoding = 4; lastKnownFileType = sourcecode.swift; path = AppSubmitButton.swift; sourceTree = "<group>"; };
		917275CD229A852F00E51D26 /* SSBadgeButton.swift */ = {isa = PBXFileReference; fileEncoding = 4; lastKnownFileType = sourcecode.swift; path = SSBadgeButton.swift; sourceTree = "<group>"; };
		917275CE229A852F00E51D26 /* GradientView.swift */ = {isa = PBXFileReference; fileEncoding = 4; lastKnownFileType = sourcecode.swift; path = GradientView.swift; sourceTree = "<group>"; };
		917275CF229A852F00E51D26 /* SegmentioBuilder.swift */ = {isa = PBXFileReference; fileEncoding = 4; lastKnownFileType = sourcecode.swift; path = SegmentioBuilder.swift; sourceTree = "<group>"; };
		917275D0229A852F00E51D26 /* CustomLoaderView.swift */ = {isa = PBXFileReference; fileEncoding = 4; lastKnownFileType = sourcecode.swift; path = CustomLoaderView.swift; sourceTree = "<group>"; };
		917275D1229A852F00E51D26 /* AppearanceConfigurator.swift */ = {isa = PBXFileReference; fileEncoding = 4; lastKnownFileType = sourcecode.swift; path = AppearanceConfigurator.swift; sourceTree = "<group>"; };
		917275EA229AB4BC00E51D26 /* ProfileViewController.swift */ = {isa = PBXFileReference; lastKnownFileType = sourcecode.swift; path = ProfileViewController.swift; sourceTree = "<group>"; };
		917275EC229AE87100E51D26 /* ArticlesViewController.swift */ = {isa = PBXFileReference; lastKnownFileType = sourcecode.swift; path = ArticlesViewController.swift; sourceTree = "<group>"; };
		917275EF229AED4100E51D26 /* FeedCell.swift */ = {isa = PBXFileReference; lastKnownFileType = sourcecode.swift; path = FeedCell.swift; sourceTree = "<group>"; };
		917275F1229AF04B00E51D26 /* CategoryModel.swift */ = {isa = PBXFileReference; lastKnownFileType = sourcecode.swift; name = CategoryModel.swift; path = PioneerApp/CategoryModel.swift; sourceTree = SOURCE_ROOT; };
		918B3A952292F3B800F3C014 /* FeedViewController.swift */ = {isa = PBXFileReference; lastKnownFileType = sourcecode.swift; path = FeedViewController.swift; sourceTree = "<group>"; };
		91F5025B228D215100B7287A /* PioneerApp.app */ = {isa = PBXFileReference; explicitFileType = wrapper.application; includeInIndex = 0; path = PioneerApp.app; sourceTree = BUILT_PRODUCTS_DIR; };
		91F5025E228D215100B7287A /* AppDelegate.swift */ = {isa = PBXFileReference; lastKnownFileType = sourcecode.swift; path = AppDelegate.swift; sourceTree = "<group>"; };
		91F50260228D215100B7287A /* LoginViewController.swift */ = {isa = PBXFileReference; lastKnownFileType = sourcecode.swift; path = LoginViewController.swift; sourceTree = "<group>"; };
		91F50263228D215100B7287A /* Base */ = {isa = PBXFileReference; lastKnownFileType = file.storyboard; name = Base; path = Base.lproj/Main.storyboard; sourceTree = "<group>"; };
		91F50265228D215400B7287A /* Assets.xcassets */ = {isa = PBXFileReference; lastKnownFileType = folder.assetcatalog; path = Assets.xcassets; sourceTree = "<group>"; };
		91F50268228D215400B7287A /* Base */ = {isa = PBXFileReference; lastKnownFileType = file.storyboard; name = Base; path = Base.lproj/LaunchScreen.storyboard; sourceTree = "<group>"; };
		91F5026A228D215400B7287A /* Info.plist */ = {isa = PBXFileReference; lastKnownFileType = text.plist.xml; path = Info.plist; sourceTree = "<group>"; };
		9F7AFE3782256778550B2564 /* Pods-PioneerApp.debug.xcconfig */ = {isa = PBXFileReference; includeInIndex = 1; lastKnownFileType = text.xcconfig; name = "Pods-PioneerApp.debug.xcconfig"; path = "Pods/Target Support Files/Pods-PioneerApp/Pods-PioneerApp.debug.xcconfig"; sourceTree = "<group>"; };
		E91D018E4B836CF9B8EA5120 /* Pods_PioneerApp.framework */ = {isa = PBXFileReference; explicitFileType = wrapper.framework; includeInIndex = 0; path = Pods_PioneerApp.framework; sourceTree = BUILT_PRODUCTS_DIR; };
/* End PBXFileReference section */

/* Begin PBXFrameworksBuildPhase section */
		91F50258228D215100B7287A /* Frameworks */ = {
			isa = PBXFrameworksBuildPhase;
			buildActionMask = 2147483647;
			files = (
				582EBC2B53198FDE31EB2057 /* Pods_PioneerApp.framework in Frameworks */,
			);
			runOnlyForDeploymentPostprocessing = 0;
		};
/* End PBXFrameworksBuildPhase section */

/* Begin PBXGroup section */
		66BD9EC0CF2D4E9E4264911E /* Pods */ = {
			isa = PBXGroup;
			children = (
				9F7AFE3782256778550B2564 /* Pods-PioneerApp.debug.xcconfig */,
				8F9424E8A7543023849592A5 /* Pods-PioneerApp.release.xcconfig */,
			);
			name = Pods;
			sourceTree = "<group>";
		};
		917275B7229A852F00E51D26 /* HelperClass */ = {
			isa = PBXGroup;
			children = (
				917275B8229A852F00E51D26 /* Constants.swift */,
				917275B9229A852F00E51D26 /* ShowAlertView.swift */,
				917275BA229A852F00E51D26 /* UserDefaultDetails.swift */,
				917275BB229A852F00E51D26 /* Extentions.swift */,
				917275BC229A852F00E51D26 /* NewCustomTextField.swift */,
				917275BD229A852F00E51D26 /* CustomUI.swift */,
				917275BE229A852F00E51D26 /* UIColor.swift */,
				917275BF229A852F00E51D26 /* ImagePlaceholderLoader.swift */,
				917275C6229A852F00E51D26 /* GradientLayerView.swift */,
				917275C7229A852F00E51D26 /* ProceedButton.swift */,
				917275C8229A852F00E51D26 /* ValidateFields.swift */,
				917275C9229A852F00E51D26 /* File.swift */,
				917275CA229A852F00E51D26 /* AppNavigation.swift */,
				917275CB229A852F00E51D26 /* TokenManager.swift */,
				917275CC229A852F00E51D26 /* AppSubmitButton.swift */,
				917275CD229A852F00E51D26 /* SSBadgeButton.swift */,
				917275CE229A852F00E51D26 /* GradientView.swift */,
				917275CF229A852F00E51D26 /* SegmentioBuilder.swift */,
				917275D0229A852F00E51D26 /* CustomLoaderView.swift */,
				917275D1229A852F00E51D26 /* AppearanceConfigurator.swift */,
			);
			path = HelperClass;
			sourceTree = "<group>";
		};
		917275EE229AED2700E51D26 /* Cell */ = {
			isa = PBXGroup;
			children = (
				917275EF229AED4100E51D26 /* FeedCell.swift */,
			);
			path = Cell;
			sourceTree = "<group>";
		};
		91F50252228D215100B7287A = {
			isa = PBXGroup;
			children = (
				91F5025D228D215100B7287A /* PioneerApp */,
				91F5025C228D215100B7287A /* Products */,
				66BD9EC0CF2D4E9E4264911E /* Pods */,
				B8A8C03C499EEE8B9C4F2AFF /* Frameworks */,
			);
			sourceTree = "<group>";
		};
		91F5025C228D215100B7287A /* Products */ = {
			isa = PBXGroup;
			children = (
				91F5025B228D215100B7287A /* PioneerApp.app */,
			);
			name = Products;
			sourceTree = "<group>";
		};
		91F5025D228D215100B7287A /* PioneerApp */ = {
			isa = PBXGroup;
			children = (
				917275B7229A852F00E51D26 /* HelperClass */,
				917275B3229988EA00E51D26 /* DataManager.swift */,
				917275B52299892000E51D26 /* APIConstants.swift */,
				91F50279228FC98300B7287A /* Controller */,
				91F50278228FC97E00B7287A /* View */,
				91F50277228FC97500B7287A /* Model */,
				91F5025E228D215100B7287A /* AppDelegate.swift */,
				91F50265228D215400B7287A /* Assets.xcassets */,
				91F50267228D215400B7287A /* LaunchScreen.storyboard */,
				91F5026A228D215400B7287A /* Info.plist */,
			);
			path = PioneerApp;
			sourceTree = "<group>";
		};
		91F50277228FC97500B7287A /* Model */ = {
			isa = PBXGroup;
			children = (
				917275F1229AF04B00E51D26 /* CategoryModel.swift */,
			);
			path = Model;
			sourceTree = "<group>";
		};
		91F50278228FC97E00B7287A /* View */ = {
			isa = PBXGroup;
			children = (
				91F50262228D215100B7287A /* Main.storyboard */,
			);
			path = View;
			sourceTree = "<group>";
		};
		91F50279228FC98300B7287A /* Controller */ = {
			isa = PBXGroup;
			children = (
				917275EE229AED2700E51D26 /* Cell */,
				91F50260228D215100B7287A /* LoginViewController.swift */,
				918B3A952292F3B800F3C014 /* FeedViewController.swift */,
				917275EA229AB4BC00E51D26 /* ProfileViewController.swift */,
				917275EC229AE87100E51D26 /* ArticlesViewController.swift */,
			);
			path = Controller;
			sourceTree = "<group>";
		};
		B8A8C03C499EEE8B9C4F2AFF /* Frameworks */ = {
			isa = PBXGroup;
			children = (
				E91D018E4B836CF9B8EA5120 /* Pods_PioneerApp.framework */,
			);
			name = Frameworks;
			sourceTree = "<group>";
		};
/* End PBXGroup section */

/* Begin PBXNativeTarget section */
		91F5025A228D215100B7287A /* PioneerApp */ = {
			isa = PBXNativeTarget;
			buildConfigurationList = 91F5026D228D215400B7287A /* Build configuration list for PBXNativeTarget "PioneerApp" */;
			buildPhases = (
				833787B88490C0ACA00D60BE /* [CP] Check Pods Manifest.lock */,
				91F50257228D215100B7287A /* Sources */,
				91F50258228D215100B7287A /* Frameworks */,
				91F50259228D215100B7287A /* Resources */,
				999E62DC33F5B0FD0A1FB926 /* [CP] Embed Pods Frameworks */,
			);
			buildRules = (
			);
			dependencies = (
			);
			name = PioneerApp;
			productName = PioneerApp;
			productReference = 91F5025B228D215100B7287A /* PioneerApp.app */;
			productType = "com.apple.product-type.application";
		};
/* End PBXNativeTarget section */

/* Begin PBXProject section */
		91F50253228D215100B7287A /* Project object */ = {
			isa = PBXProject;
			attributes = {
				LastSwiftUpdateCheck = 1010;
				LastUpgradeCheck = 1010;
				ORGANIZATIONNAME = theappmaker;
				TargetAttributes = {
					91F5025A228D215100B7287A = {
						CreatedOnToolsVersion = 10.1;
					};
				};
			};
			buildConfigurationList = 91F50256228D215100B7287A /* Build configuration list for PBXProject "PioneerApp" */;
			compatibilityVersion = "Xcode 9.3";
			developmentRegion = en;
			hasScannedForEncodings = 0;
			knownRegions = (
				en,
				Base,
			);
			mainGroup = 91F50252228D215100B7287A;
			productRefGroup = 91F5025C228D215100B7287A /* Products */;
			projectDirPath = "";
			projectRoot = "";
			targets = (
				91F5025A228D215100B7287A /* PioneerApp */,
			);
		};
/* End PBXProject section */

/* Begin PBXResourcesBuildPhase section */
		91F50259228D215100B7287A /* Resources */ = {
			isa = PBXResourcesBuildPhase;
			buildActionMask = 2147483647;
			files = (
				91F50269228D215400B7287A /* LaunchScreen.storyboard in Resources */,
				91F50266228D215400B7287A /* Assets.xcassets in Resources */,
				91F50264228D215100B7287A /* Main.storyboard in Resources */,
			);
			runOnlyForDeploymentPostprocessing = 0;
		};
/* End PBXResourcesBuildPhase section */

/* Begin PBXShellScriptBuildPhase section */
		833787B88490C0ACA00D60BE /* [CP] Check Pods Manifest.lock */ = {
			isa = PBXShellScriptBuildPhase;
			buildActionMask = 2147483647;
			files = (
			);
			inputFileListPaths = (
			);
			inputPaths = (
				"${PODS_PODFILE_DIR_PATH}/Podfile.lock",
				"${PODS_ROOT}/Manifest.lock",
			);
			name = "[CP] Check Pods Manifest.lock";
			outputFileListPaths = (
			);
			outputPaths = (
				"$(DERIVED_FILE_DIR)/Pods-PioneerApp-checkManifestLockResult.txt",
			);
			runOnlyForDeploymentPostprocessing = 0;
			shellPath = /bin/sh;
			shellScript = "diff \"${PODS_PODFILE_DIR_PATH}/Podfile.lock\" \"${PODS_ROOT}/Manifest.lock\" > /dev/null\nif [ $? != 0 ] ; then\n    # print error to STDERR\n    echo \"error: The sandbox is not in sync with the Podfile.lock. Run 'pod install' or update your CocoaPods installation.\" >&2\n    exit 1\nfi\n# This output is used by Xcode 'outputs' to avoid re-running this script phase.\necho \"SUCCESS\" > \"${SCRIPT_OUTPUT_FILE_0}\"\n";
			showEnvVarsInLog = 0;
		};
		999E62DC33F5B0FD0A1FB926 /* [CP] Embed Pods Frameworks */ = {
			isa = PBXShellScriptBuildPhase;
			buildActionMask = 2147483647;
			files = (
			);
			inputFileListPaths = (
			);
			inputPaths = (
				"${SRCROOT}/Pods/Target Support Files/Pods-PioneerApp/Pods-PioneerApp-frameworks.sh",
				"${BUILT_PRODUCTS_DIR}/Alamofire/Alamofire.framework",
				"${BUILT_PRODUCTS_DIR}/IQKeyboardManagerSwift/IQKeyboardManagerSwift.framework",
				"${BUILT_PRODUCTS_DIR}/SVProgressHUD/SVProgressHUD.framework",
			);
			name = "[CP] Embed Pods Frameworks";
			outputFileListPaths = (
			);
			outputPaths = (
				"${TARGET_BUILD_DIR}/${FRAMEWORKS_FOLDER_PATH}/Alamofire.framework",
				"${TARGET_BUILD_DIR}/${FRAMEWORKS_FOLDER_PATH}/IQKeyboardManagerSwift.framework",
				"${TARGET_BUILD_DIR}/${FRAMEWORKS_FOLDER_PATH}/SVProgressHUD.framework",
			);
			runOnlyForDeploymentPostprocessing = 0;
			shellPath = /bin/sh;
			shellScript = "\"${SRCROOT}/Pods/Target Support Files/Pods-PioneerApp/Pods-PioneerApp-frameworks.sh\"\n";
			showEnvVarsInLog = 0;
		};
/* End PBXShellScriptBuildPhase section */

/* Begin PBXSourcesBuildPhase section */
		91F50257228D215100B7287A /* Sources */ = {
			isa = PBXSourcesBuildPhase;
			buildActionMask = 2147483647;
			files = (
				917275E0229A852F00E51D26 /* ValidateFields.swift in Sources */,
				91F50261228D215100B7287A /* LoginViewController.swift in Sources */,
				917275E6229A852F00E51D26 /* GradientView.swift in Sources */,
				917275D8229A852F00E51D26 /* UIColor.swift in Sources */,
				917275B4229988EA00E51D26 /* DataManager.swift in Sources */,
				917275B62299892100E51D26 /* APIConstants.swift in Sources */,
				917275E4229A852F00E51D26 /* AppSubmitButton.swift in Sources */,
				917275E9229A852F00E51D26 /* AppearanceConfigurator.swift in Sources */,
				917275D7229A852F00E51D26 /* CustomUI.swift in Sources */,
				917275D6229A852F00E51D26 /* NewCustomTextField.swift in Sources */,
				917275EB229AB4BC00E51D26 /* ProfileViewController.swift in Sources */,
				917275E5229A852F00E51D26 /* SSBadgeButton.swift in Sources */,
				917275E3229A852F00E51D26 /* TokenManager.swift in Sources */,
				917275E7229A852F00E51D26 /* SegmentioBuilder.swift in Sources */,
				917275D9229A852F00E51D26 /* ImagePlaceholderLoader.swift in Sources */,
				918B3A962292F3B800F3C014 /* FeedViewController.swift in Sources */,
				917275F2229AF04B00E51D26 /* CategoryModel.swift in Sources */,
				917275DE229A852F00E51D26 /* GradientLayerView.swift in Sources */,
				917275D3229A852F00E51D26 /* ShowAlertView.swift in Sources */,
				917275E1229A852F00E51D26 /* File.swift in Sources */,
				917275DF229A852F00E51D26 /* ProceedButton.swift in Sources */,
				917275D4229A852F00E51D26 /* UserDefaultDetails.swift in Sources */,
				917275F0229AED4100E51D26 /* FeedCell.swift in Sources */,
				917275ED229AE87100E51D26 /* ArticlesViewController.swift in Sources */,
				91F5025F228D215100B7287A /* AppDelegate.swift in Sources */,
				917275E2229A852F00E51D26 /* AppNavigation.swift in Sources */,
				917275D2229A852F00E51D26 /* Constants.swift in Sources */,
				917275E8229A852F00E51D26 /* CustomLoaderView.swift in Sources */,
				917275D5229A852F00E51D26 /* Extentions.swift in Sources */,
			);
			runOnlyForDeploymentPostprocessing = 0;
		};
/* End PBXSourcesBuildPhase section */

/* Begin PBXVariantGroup section */
		91F50262228D215100B7287A /* Main.storyboard */ = {
			isa = PBXVariantGroup;
			children = (
				91F50263228D215100B7287A /* Base */,
			);
			name = Main.storyboard;
			sourceTree = "<group>";
		};
		91F50267228D215400B7287A /* LaunchScreen.storyboard */ = {
			isa = PBXVariantGroup;
			children = (
				91F50268228D215400B7287A /* Base */,
			);
			name = LaunchScreen.storyboard;
			sourceTree = "<group>";
		};
/* End PBXVariantGroup section */

/* Begin XCBuildConfiguration section */
		91F5026B228D215400B7287A /* Debug */ = {
			isa = XCBuildConfiguration;
			buildSettings = {
				ALWAYS_SEARCH_USER_PATHS = NO;
				CLANG_ANALYZER_NONNULL = YES;
				CLANG_ANALYZER_NUMBER_OBJECT_CONVERSION = YES_AGGRESSIVE;
				CLANG_CXX_LANGUAGE_STANDARD = "gnu++14";
				CLANG_CXX_LIBRARY = "libc++";
				CLANG_ENABLE_MODULES = YES;
				CLANG_ENABLE_OBJC_ARC = YES;
				CLANG_ENABLE_OBJC_WEAK = YES;
				CLANG_WARN_BLOCK_CAPTURE_AUTORELEASING = YES;
				CLANG_WARN_BOOL_CONVERSION = YES;
				CLANG_WARN_COMMA = YES;
				CLANG_WARN_CONSTANT_CONVERSION = YES;
				CLANG_WARN_DEPRECATED_OBJC_IMPLEMENTATIONS = YES;
				CLANG_WARN_DIRECT_OBJC_ISA_USAGE = YES_ERROR;
				CLANG_WARN_DOCUMENTATION_COMMENTS = YES;
				CLANG_WARN_EMPTY_BODY = YES;
				CLANG_WARN_ENUM_CONVERSION = YES;
				CLANG_WARN_INFINITE_RECURSION = YES;
				CLANG_WARN_INT_CONVERSION = YES;
				CLANG_WARN_NON_LITERAL_NULL_CONVERSION = YES;
				CLANG_WARN_OBJC_IMPLICIT_RETAIN_SELF = YES;
				CLANG_WARN_OBJC_LITERAL_CONVERSION = YES;
				CLANG_WARN_OBJC_ROOT_CLASS = YES_ERROR;
				CLANG_WARN_RANGE_LOOP_ANALYSIS = YES;
				CLANG_WARN_STRICT_PROTOTYPES = YES;
				CLANG_WARN_SUSPICIOUS_MOVE = YES;
				CLANG_WARN_UNGUARDED_AVAILABILITY = YES_AGGRESSIVE;
				CLANG_WARN_UNREACHABLE_CODE = YES;
				CLANG_WARN__DUPLICATE_METHOD_MATCH = YES;
				CODE_SIGN_IDENTITY = "iPhone Developer";
				COPY_PHASE_STRIP = NO;
				DEBUG_INFORMATION_FORMAT = dwarf;
				ENABLE_STRICT_OBJC_MSGSEND = YES;
				ENABLE_TESTABILITY = YES;
				GCC_C_LANGUAGE_STANDARD = gnu11;
				GCC_DYNAMIC_NO_PIC = NO;
				GCC_NO_COMMON_BLOCKS = YES;
				GCC_OPTIMIZATION_LEVEL = 0;
				GCC_PREPROCESSOR_DEFINITIONS = (
					"DEBUG=1",
					"$(inherited)",
				);
				GCC_WARN_64_TO_32_BIT_CONVERSION = YES;
				GCC_WARN_ABOUT_RETURN_TYPE = YES_ERROR;
				GCC_WARN_UNDECLARED_SELECTOR = YES;
				GCC_WARN_UNINITIALIZED_AUTOS = YES_AGGRESSIVE;
				GCC_WARN_UNUSED_FUNCTION = YES;
				GCC_WARN_UNUSED_VARIABLE = YES;
				IPHONEOS_DEPLOYMENT_TARGET = 12.1;
				MTL_ENABLE_DEBUG_INFO = INCLUDE_SOURCE;
				MTL_FAST_MATH = YES;
				ONLY_ACTIVE_ARCH = YES;
				SDKROOT = iphoneos;
				SWIFT_ACTIVE_COMPILATION_CONDITIONS = DEBUG;
				SWIFT_OPTIMIZATION_LEVEL = "-Onone";
			};
			name = Debug;
		};
		91F5026C228D215400B7287A /* Release */ = {
			isa = XCBuildConfiguration;
			buildSettings = {
				ALWAYS_SEARCH_USER_PATHS = NO;
				CLANG_ANALYZER_NONNULL = YES;
				CLANG_ANALYZER_NUMBER_OBJECT_CONVERSION = YES_AGGRESSIVE;
				CLANG_CXX_LANGUAGE_STANDARD = "gnu++14";
				CLANG_CXX_LIBRARY = "libc++";
				CLANG_ENABLE_MODULES = YES;
				CLANG_ENABLE_OBJC_ARC = YES;
				CLANG_ENABLE_OBJC_WEAK = YES;
				CLANG_WARN_BLOCK_CAPTURE_AUTORELEASING = YES;
				CLANG_WARN_BOOL_CONVERSION = YES;
				CLANG_WARN_COMMA = YES;
				CLANG_WARN_CONSTANT_CONVERSION = YES;
				CLANG_WARN_DEPRECATED_OBJC_IMPLEMENTATIONS = YES;
				CLANG_WARN_DIRECT_OBJC_ISA_USAGE = YES_ERROR;
				CLANG_WARN_DOCUMENTATION_COMMENTS = YES;
				CLANG_WARN_EMPTY_BODY = YES;
				CLANG_WARN_ENUM_CONVERSION = YES;
				CLANG_WARN_INFINITE_RECURSION = YES;
				CLANG_WARN_INT_CONVERSION = YES;
				CLANG_WARN_NON_LITERAL_NULL_CONVERSION = YES;
				CLANG_WARN_OBJC_IMPLICIT_RETAIN_SELF = YES;
				CLANG_WARN_OBJC_LITERAL_CONVERSION = YES;
				CLANG_WARN_OBJC_ROOT_CLASS = YES_ERROR;
				CLANG_WARN_RANGE_LOOP_ANALYSIS = YES;
				CLANG_WARN_STRICT_PROTOTYPES = YES;
				CLANG_WARN_SUSPICIOUS_MOVE = YES;
				CLANG_WARN_UNGUARDED_AVAILABILITY = YES_AGGRESSIVE;
				CLANG_WARN_UNREACHABLE_CODE = YES;
				CLANG_WARN__DUPLICATE_METHOD_MATCH = YES;
				CODE_SIGN_IDENTITY = "iPhone Developer";
				COPY_PHASE_STRIP = NO;
				DEBUG_INFORMATION_FORMAT = "dwarf-with-dsym";
				ENABLE_NS_ASSERTIONS = NO;
				ENABLE_STRICT_OBJC_MSGSEND = YES;
				GCC_C_LANGUAGE_STANDARD = gnu11;
				GCC_NO_COMMON_BLOCKS = YES;
				GCC_WARN_64_TO_32_BIT_CONVERSION = YES;
				GCC_WARN_ABOUT_RETURN_TYPE = YES_ERROR;
				GCC_WARN_UNDECLARED_SELECTOR = YES;
				GCC_WARN_UNINITIALIZED_AUTOS = YES_AGGRESSIVE;
				GCC_WARN_UNUSED_FUNCTION = YES;
				GCC_WARN_UNUSED_VARIABLE = YES;
				IPHONEOS_DEPLOYMENT_TARGET = 12.1;
				MTL_ENABLE_DEBUG_INFO = NO;
				MTL_FAST_MATH = YES;
				SDKROOT = iphoneos;
				SWIFT_COMPILATION_MODE = wholemodule;
				SWIFT_OPTIMIZATION_LEVEL = "-O";
				VALIDATE_PRODUCT = YES;
			};
			name = Release;
		};
		91F5026E228D215400B7287A /* Debug */ = {
			isa = XCBuildConfiguration;
			baseConfigurationReference = 9F7AFE3782256778550B2564 /* Pods-PioneerApp.debug.xcconfig */;
			buildSettings = {
				ASSETCATALOG_COMPILER_APPICON_NAME = AppIcon;
				CODE_SIGN_STYLE = Automatic;
				DEVELOPMENT_TEAM = RY9E5VL5NF;
				INFOPLIST_FILE = PioneerApp/Info.plist;
				LD_RUNPATH_SEARCH_PATHS = (
					"$(inherited)",
					"@executable_path/Frameworks",
				);
				PRODUCT_BUNDLE_IDENTIFIER = com.theappmaker.PioneerApp;
				PRODUCT_NAME = "$(TARGET_NAME)";
				SWIFT_VERSION = 4.2;
				TARGETED_DEVICE_FAMILY = "1,2";
			};
			name = Debug;
		};
		91F5026F228D215400B7287A /* Release */ = {
			isa = XCBuildConfiguration;
			baseConfigurationReference = 8F9424E8A7543023849592A5 /* Pods-PioneerApp.release.xcconfig */;
			buildSettings = {
				ASSETCATALOG_COMPILER_APPICON_NAME = AppIcon;
				CODE_SIGN_STYLE = Automatic;
				DEVELOPMENT_TEAM = RY9E5VL5NF;
				INFOPLIST_FILE = PioneerApp/Info.plist;
				LD_RUNPATH_SEARCH_PATHS = (
					"$(inherited)",
					"@executable_path/Frameworks",
				);
				PRODUCT_BUNDLE_IDENTIFIER = com.theappmaker.PioneerApp;
				PRODUCT_NAME = "$(TARGET_NAME)";
				SWIFT_VERSION = 4.2;
				TARGETED_DEVICE_FAMILY = "1,2";
			};
			name = Release;
		};
/* End XCBuildConfiguration section */

/* Begin XCConfigurationList section */
		91F50256228D215100B7287A /* Build configuration list for PBXProject "PioneerApp" */ = {
			isa = XCConfigurationList;
			buildConfigurations = (
				91F5026B228D215400B7287A /* Debug */,
				91F5026C228D215400B7287A /* Release */,
			);
			defaultConfigurationIsVisible = 0;
			defaultConfigurationName = Release;
		};
		91F5026D228D215400B7287A /* Build configuration list for PBXNativeTarget "PioneerApp" */ = {
			isa = XCConfigurationList;
			buildConfigurations = (
				91F5026E228D215400B7287A /* Debug */,
				91F5026F228D215400B7287A /* Release */,
			);
			defaultConfigurationIsVisible = 0;
			defaultConfigurationName = Release;
		};
/* End XCConfigurationList section */
	};
	rootObject = 91F50253228D215100B7287A /* Project object */;
}
